
Microsoft Visual Studio Solution File, Format Version 12.00
# Visual Studio Version 17
VisualStudioVersion = 17.8.34330.188
MinimumVisualStudioVersion = 10.0.40219.1
Project("{888888A0-9F3D-457C-B088-3A5042F75D52}") = "Trafficante App", "Trafficante App.pyproj", "{9DED649C-B777-4F18-A55C-BD071BD96307}"
EndProject
Global
	GlobalSection(SolutionConfigurationPlatforms) = preSolution
		Debug|Any CPU = Debug|Any CPU
		Release|Any CPU = Release|Any CPU
	EndGlobalSection
	GlobalSection(ProjectConfigurationPlatforms) = postSolution
		{9DED649C-B777-4F18-A55C-BD071BD96307}.Debug|Any CPU.ActiveCfg = Debug|Any CPU
		{9DED649C-B777-4F18-A55C-BD071BD96307}.Release|Any CPU.ActiveCfg = Release|Any CPU
	EndGlobalSection
	GlobalSection(SolutionProperties) = preSolution
		HideSolutionNode = FALSE
	EndGlobalSection
	GlobalSection(ExtensibilityGlobals) = postSolution
		SolutionGuid = {2194DD65-F8C7-48B3-A68B-4FA81FDA5F25}
	EndGlobalSection
EndGlobal
